
Microsoft Visual Studio Solution File, Format Version 12.00
# Visual Studio Version 16
VisualStudioVersion = 16.0.31911.196
MinimumVisualStudioVersion = 10.0.40219.1
Project("{FAE04EC0-301F-11D3-BF4B-00C04F79EFBC}") = "TekstiFailiHarjutused", "TekstiFailiHarjutused\TekstiFailiHarjutused.csproj", "{9E7463C3-8DF8-45A4-AD50-8117E00CDD46}"
EndProject
Global
	GlobalSection(SolutionConfigurationPlatforms) = preSolution
		Debug|Any CPU = Debug|Any CPU
		Release|Any CPU = Release|Any CPU
	EndGlobalSection
	GlobalSection(ProjectConfigurationPlatforms) = postSolution
		{9E7463C3-8DF8-45A4-AD50-8117E00CDD46}.Debug|Any CPU.ActiveCfg = Debug|Any CPU
		{9E7463C3-8DF8-45A4-AD50-8117E00CDD46}.Debug|Any CPU.Build.0 = Debug|Any CPU
		{9E7463C3-8DF8-45A4-AD50-8117E00CDD46}.Release|Any CPU.ActiveCfg = Release|Any CPU
		{9E7463C3-8DF8-45A4-AD50-8117E00CDD46}.Release|Any CPU.Build.0 = Release|Any CPU
	EndGlobalSection
	GlobalSection(SolutionProperties) = preSolution
		HideSolutionNode = FALSE
	EndGlobalSection
	GlobalSection(ExtensibilityGlobals) = postSolution
		SolutionGuid = {AACA149C-5996-4242-A40C-CE30F1979B92}
	EndGlobalSection
EndGlobal
