
Microsoft Visual Studio Solution File, Format Version 12.00
# Visual Studio Version 16
VisualStudioVersion = 16.0.31911.196
MinimumVisualStudioVersion = 10.0.40219.1
Project("{FAE04EC0-301F-11D3-BF4B-00C04F79EFBC}") = "AlamprogrammiNäidis", "AlamprogrammiNäidis\AlamprogrammiNäidis.csproj", "{7F00ED5B-DB2E-4F3B-8C6E-00FA25E2629D}"
EndProject
Global
	GlobalSection(SolutionConfigurationPlatforms) = preSolution
		Debug|Any CPU = Debug|Any CPU
		Release|Any CPU = Release|Any CPU
	EndGlobalSection
	GlobalSection(ProjectConfigurationPlatforms) = postSolution
		{7F00ED5B-DB2E-4F3B-8C6E-00FA25E2629D}.Debug|Any CPU.ActiveCfg = Debug|Any CPU
		{7F00ED5B-DB2E-4F3B-8C6E-00FA25E2629D}.Debug|Any CPU.Build.0 = Debug|Any CPU
		{7F00ED5B-DB2E-4F3B-8C6E-00FA25E2629D}.Release|Any CPU.ActiveCfg = Release|Any CPU
		{7F00ED5B-DB2E-4F3B-8C6E-00FA25E2629D}.Release|Any CPU.Build.0 = Release|Any CPU
	EndGlobalSection
	GlobalSection(SolutionProperties) = preSolution
		HideSolutionNode = FALSE
	EndGlobalSection
	GlobalSection(ExtensibilityGlobals) = postSolution
		SolutionGuid = {00A3F3B0-5C67-4204-BC0C-508A5336A6EA}
	EndGlobalSection
EndGlobal
