
Microsoft Visual Studio Solution File, Format Version 12.00
# Visual Studio Version 16
VisualStudioVersion = 16.0.31911.196
MinimumVisualStudioVersion = 10.0.40219.1
Project("{FAE04EC0-301F-11D3-BF4B-00C04F79EFBC}") = "Kordused", "Kordused\Kordused.csproj", "{E51D5BAD-698A-4A43-8ED5-5D17809DB54E}"
EndProject
Global
	GlobalSection(SolutionConfigurationPlatforms) = preSolution
		Debug|Any CPU = Debug|Any CPU
		Release|Any CPU = Release|Any CPU
	EndGlobalSection
	GlobalSection(ProjectConfigurationPlatforms) = postSolution
		{E51D5BAD-698A-4A43-8ED5-5D17809DB54E}.Debug|Any CPU.ActiveCfg = Debug|Any CPU
		{E51D5BAD-698A-4A43-8ED5-5D17809DB54E}.Debug|Any CPU.Build.0 = Debug|Any CPU
		{E51D5BAD-698A-4A43-8ED5-5D17809DB54E}.Release|Any CPU.ActiveCfg = Release|Any CPU
		{E51D5BAD-698A-4A43-8ED5-5D17809DB54E}.Release|Any CPU.Build.0 = Release|Any CPU
	EndGlobalSection
	GlobalSection(SolutionProperties) = preSolution
		HideSolutionNode = FALSE
	EndGlobalSection
	GlobalSection(ExtensibilityGlobals) = postSolution
		SolutionGuid = {7ED1F454-5413-462F-B4CD-C7BE3466BDA1}
	EndGlobalSection
EndGlobal
