
Microsoft Visual Studio Solution File, Format Version 12.00
# Visual Studio Version 16
VisualStudioVersion = 16.0.31911.196
MinimumVisualStudioVersion = 10.0.40219.1
Project("{FAE04EC0-301F-11D3-BF4B-00C04F79EFBC}") = "JuhuarvDemo", "JuhuarvDemo\JuhuarvDemo.csproj", "{0E622781-5FB7-48DA-941B-3C4C35FD04C5}"
EndProject
Global
	GlobalSection(SolutionConfigurationPlatforms) = preSolution
		Debug|Any CPU = Debug|Any CPU
		Release|Any CPU = Release|Any CPU
	EndGlobalSection
	GlobalSection(ProjectConfigurationPlatforms) = postSolution
		{0E622781-5FB7-48DA-941B-3C4C35FD04C5}.Debug|Any CPU.ActiveCfg = Debug|Any CPU
		{0E622781-5FB7-48DA-941B-3C4C35FD04C5}.Debug|Any CPU.Build.0 = Debug|Any CPU
		{0E622781-5FB7-48DA-941B-3C4C35FD04C5}.Release|Any CPU.ActiveCfg = Release|Any CPU
		{0E622781-5FB7-48DA-941B-3C4C35FD04C5}.Release|Any CPU.Build.0 = Release|Any CPU
	EndGlobalSection
	GlobalSection(SolutionProperties) = preSolution
		HideSolutionNode = FALSE
	EndGlobalSection
	GlobalSection(ExtensibilityGlobals) = postSolution
		SolutionGuid = {91DB2672-AC5E-4FFE-8FC3-56E71DEBBE0B}
	EndGlobalSection
EndGlobal
