
Microsoft Visual Studio Solution File, Format Version 12.00
# Visual Studio Version 16
VisualStudioVersion = 16.0.31911.196
MinimumVisualStudioVersion = 10.0.40219.1
Project("{FAE04EC0-301F-11D3-BF4B-00C04F79EFBC}") = "Korrutustabel", "Korrutustabel\Korrutustabel.csproj", "{904D5834-75A4-4209-A3AC-D6F8273E2B47}"
EndProject
Global
	GlobalSection(SolutionConfigurationPlatforms) = preSolution
		Debug|Any CPU = Debug|Any CPU
		Release|Any CPU = Release|Any CPU
	EndGlobalSection
	GlobalSection(ProjectConfigurationPlatforms) = postSolution
		{904D5834-75A4-4209-A3AC-D6F8273E2B47}.Debug|Any CPU.ActiveCfg = Debug|Any CPU
		{904D5834-75A4-4209-A3AC-D6F8273E2B47}.Debug|Any CPU.Build.0 = Debug|Any CPU
		{904D5834-75A4-4209-A3AC-D6F8273E2B47}.Release|Any CPU.ActiveCfg = Release|Any CPU
		{904D5834-75A4-4209-A3AC-D6F8273E2B47}.Release|Any CPU.Build.0 = Release|Any CPU
	EndGlobalSection
	GlobalSection(SolutionProperties) = preSolution
		HideSolutionNode = FALSE
	EndGlobalSection
	GlobalSection(ExtensibilityGlobals) = postSolution
		SolutionGuid = {BE7F8521-B513-49A5-8F50-2DBBE6F48B39}
	EndGlobalSection
EndGlobal
