
Microsoft Visual Studio Solution File, Format Version 12.00
# Visual Studio Version 16
VisualStudioVersion = 16.0.31911.196
MinimumVisualStudioVersion = 10.0.40219.1
Project("{FAE04EC0-301F-11D3-BF4B-00C04F79EFBC}") = "SõneNäited", "SõneNäited\SõneNäited.csproj", "{B8593AF3-22D0-44DB-B884-12C07A28AAAF}"
EndProject
Global
	GlobalSection(SolutionConfigurationPlatforms) = preSolution
		Debug|Any CPU = Debug|Any CPU
		Release|Any CPU = Release|Any CPU
	EndGlobalSection
	GlobalSection(ProjectConfigurationPlatforms) = postSolution
		{B8593AF3-22D0-44DB-B884-12C07A28AAAF}.Debug|Any CPU.ActiveCfg = Debug|Any CPU
		{B8593AF3-22D0-44DB-B884-12C07A28AAAF}.Debug|Any CPU.Build.0 = Debug|Any CPU
		{B8593AF3-22D0-44DB-B884-12C07A28AAAF}.Release|Any CPU.ActiveCfg = Release|Any CPU
		{B8593AF3-22D0-44DB-B884-12C07A28AAAF}.Release|Any CPU.Build.0 = Release|Any CPU
	EndGlobalSection
	GlobalSection(SolutionProperties) = preSolution
		HideSolutionNode = FALSE
	EndGlobalSection
	GlobalSection(ExtensibilityGlobals) = postSolution
		SolutionGuid = {1F319FEB-CB12-45E5-B30D-4F8A2A8EC4E8}
	EndGlobalSection
EndGlobal
